
Microsoft Visual Studio Solution File, Format Version 11.00
# Visual Studio 2010
Project("{FAE04EC0-301F-11D3-BF4B-00C04F79EFBC}") = "CSLMusicMod", "CSLMusicMod\CSLMusicMod.csproj", "{BB3BE146-5E23-4472-81DA-1AF341D91B74}"
EndProject
Global
	GlobalSection(SolutionConfigurationPlatforms) = preSolution
		Debug|Any CPU = Debug|Any CPU
		Release|Any CPU = Release|Any CPU
	EndGlobalSection
	GlobalSection(ProjectConfigurationPlatforms) = postSolution
		{BB3BE146-5E23-4472-81DA-1AF341D91B74}.Debug|Any CPU.ActiveCfg = Debug|Any CPU
		{BB3BE146-5E23-4472-81DA-1AF341D91B74}.Debug|Any CPU.Build.0 = Debug|Any CPU
		{BB3BE146-5E23-4472-81DA-1AF341D91B74}.Release|Any CPU.ActiveCfg = Release|Any CPU
		{BB3BE146-5E23-4472-81DA-1AF341D91B74}.Release|Any CPU.Build.0 = Release|Any CPU
	EndGlobalSection
	GlobalSection(MonoDevelopProperties) = preSolution
		StartupItem = CSLMusicMod\CSLMusicMod.csproj
	EndGlobalSection
EndGlobal
